
Microsoft Visual Studio Solution File, Format Version 12.00
# Visual Studio Version 17
VisualStudioVersion = 17.4.33103.184
MinimumVisualStudioVersion = 10.0.40219.1
Project("{FAE04EC0-301F-11D3-BF4B-00C04F79EFBC}") = "Funiture_Project", "Funiture_Project.csproj", "{2908B7AA-6567-4B27-B32F-9D4556ED00F4}"
EndProject
Global
	GlobalSection(SolutionConfigurationPlatforms) = preSolution
		Debug|Any CPU = Debug|Any CPU
		Release|Any CPU = Release|Any CPU
	EndGlobalSection
	GlobalSection(ProjectConfigurationPlatforms) = postSolution
		{2908B7AA-6567-4B27-B32F-9D4556ED00F4}.Debug|Any CPU.ActiveCfg = Debug|Any CPU
		{2908B7AA-6567-4B27-B32F-9D4556ED00F4}.Debug|Any CPU.Build.0 = Debug|Any CPU
		{2908B7AA-6567-4B27-B32F-9D4556ED00F4}.Release|Any CPU.ActiveCfg = Release|Any CPU
		{2908B7AA-6567-4B27-B32F-9D4556ED00F4}.Release|Any CPU.Build.0 = Release|Any CPU
	EndGlobalSection
	GlobalSection(SolutionProperties) = preSolution
		HideSolutionNode = FALSE
	EndGlobalSection
	GlobalSection(ExtensibilityGlobals) = postSolution
		SolutionGuid = {B1769C98-44AF-4758-A7D5-F59B9B83C34B}
	EndGlobalSection
EndGlobal
